// !$*UTF8*$!
{
	archiveVersion = 1;
	classes = {
	};
	objectVersion = 46;
	objects = {

/* Begin PBXBuildFile section */
		4C2CC0101E7F6F5E002FFB38 /* CustomTabBarController+Initional.m in Sources */ = {isa = PBXBuildFile; fileRef = 4C2CC00F1E7F6F5E002FFB38 /* CustomTabBarController+Initional.m */; };
		4C2CC0131E7F7071002FFB38 /* HomeViewController.m in Sources */ = {isa = PBXBuildFile; fileRef = 4C2CC0121E7F7071002FFB38 /* HomeViewController.m */; };
		4C2CC0161E7F707C002FFB38 /* MeViewController.m in Sources */ = {isa = PBXBuildFile; fileRef = 4C2CC0151E7F707C002FFB38 /* MeViewController.m */; };
		4C633FCE1F78A3F400D235D2 /* libz.tbd in Frameworks */ = {isa = PBXBuildFile; fileRef = 4C633FCD1F78A3F400D235D2 /* libz.tbd */; };
		4CBA91651E59BE9600AEBC30 /* main.m in Sources */ = {isa = PBXBuildFile; fileRef = 4CBA91641E59BE9600AEBC30 /* main.m */; };
		4CBA91681E59BE9600AEBC30 /* AppDelegate.m in Sources */ = {isa = PBXBuildFile; fileRef = 4CBA91671E59BE9600AEBC30 /* AppDelegate.m */; };
		4CBA916B1E59BE9600AEBC30 /* ViewController.m in Sources */ = {isa = PBXBuildFile; fileRef = 4CBA916A1E59BE9600AEBC30 /* ViewController.m */; };
		4CBA916E1E59BE9600AEBC30 /* Main.storyboard in Resources */ = {isa = PBXBuildFile; fileRef = 4CBA916C1E59BE9600AEBC30 /* Main.storyboard */; };
		4CBA91701E59BE9600AEBC30 /* Assets.xcassets in Resources */ = {isa = PBXBuildFile; fileRef = 4CBA916F1E59BE9600AEBC30 /* Assets.xcassets */; };
		4CBA91731E59BE9600AEBC30 /* LaunchScreen.storyboard in Resources */ = {isa = PBXBuildFile; fileRef = 4CBA91711E59BE9600AEBC30 /* LaunchScreen.storyboard */; };
		4CE71C342302E6D000D7D00D /* LICENSE in Resources */ = {isa = PBXBuildFile; fileRef = 4CE71C312302E6CF00D7D00D /* LICENSE */; };
		4CE71C352302E6D000D7D00D /* README.md in Resources */ = {isa = PBXBuildFile; fileRef = 4CE71C322302E6CF00D7D00D /* README.md */; };
		4CE71C362302E6D000D7D00D /* CYKit.podspec in Resources */ = {isa = PBXBuildFile; fileRef = 4CE71C332302E6D000D7D00D /* CYKit.podspec */; };
		4CFE2ECF2318AF1C005AD4C4 /* CYMeModel.m in Sources */ = {isa = PBXBuildFile; fileRef = 4CFE2ECE2318AF1C005AD4C4 /* CYMeModel.m */; };
		7DF3FE013BAD84D52FCBC28F /* libPods-CYKitDemo.a in Frameworks */ = {isa = PBXBuildFile; fileRef = AD1AD689932BA930006EBA9B /* libPods-CYKitDemo.a */; };
/* End PBXBuildFile section */

/* Begin PBXFileReference section */
		4C2CC00E1E7F6F5E002FFB38 /* CustomTabBarController+Initional.h */ = {isa = PBXFileReference; fileEncoding = 4; lastKnownFileType = sourcecode.c.h; path = "CustomTabBarController+Initional.h"; sourceTree = "<group>"; };
		4C2CC00F1E7F6F5E002FFB38 /* CustomTabBarController+Initional.m */ = {isa = PBXFileReference; fileEncoding = 4; lastKnownFileType = sourcecode.c.objc; path = "CustomTabBarController+Initional.m"; sourceTree = "<group>"; };
		4C2CC0111E7F7071002FFB38 /* HomeViewController.h */ = {isa = PBXFileReference; fileEncoding = 4; lastKnownFileType = sourcecode.c.h; path = HomeViewController.h; sourceTree = "<group>"; };
		4C2CC0121E7F7071002FFB38 /* HomeViewController.m */ = {isa = PBXFileReference; fileEncoding = 4; lastKnownFileType = sourcecode.c.objc; path = HomeViewController.m; sourceTree = "<group>"; };
		4C2CC0141E7F707C002FFB38 /* MeViewController.h */ = {isa = PBXFileReference; fileEncoding = 4; lastKnownFileType = sourcecode.c.h; path = MeViewController.h; sourceTree = "<group>"; };
		4C2CC0151E7F707C002FFB38 /* MeViewController.m */ = {isa = PBXFileReference; fileEncoding = 4; lastKnownFileType = sourcecode.c.objc; path = MeViewController.m; sourceTree = "<group>"; };
		4C633FCD1F78A3F400D235D2 /* libz.tbd */ = {isa = PBXFileReference; lastKnownFileType = "sourcecode.text-based-dylib-definition"; name = libz.tbd; path = usr/lib/libz.tbd; sourceTree = SDKROOT; };
		4CBA91601E59BE9600AEBC30 /* CYKitDemo.app */ = {isa = PBXFileReference; explicitFileType = wrapper.application; includeInIndex = 0; path = CYKitDemo.app; sourceTree = BUILT_PRODUCTS_DIR; };
		4CBA91641E59BE9600AEBC30 /* main.m */ = {isa = PBXFileReference; lastKnownFileType = sourcecode.c.objc; path = main.m; sourceTree = "<group>"; };
		4CBA91661E59BE9600AEBC30 /* AppDelegate.h */ = {isa = PBXFileReference; lastKnownFileType = sourcecode.c.h; path = AppDelegate.h; sourceTree = "<group>"; };
		4CBA91671E59BE9600AEBC30 /* AppDelegate.m */ = {isa = PBXFileReference; lastKnownFileType = sourcecode.c.objc; path = AppDelegate.m; sourceTree = "<group>"; };
		4CBA91691E59BE9600AEBC30 /* ViewController.h */ = {isa = PBXFileReference; lastKnownFileType = sourcecode.c.h; path = ViewController.h; sourceTree = "<group>"; };
		4CBA916A1E59BE9600AEBC30 /* ViewController.m */ = {isa = PBXFileReference; lastKnownFileType = sourcecode.c.objc; path = ViewController.m; sourceTree = "<group>"; };
		4CBA916D1E59BE9600AEBC30 /* Base */ = {isa = PBXFileReference; lastKnownFileType = file.storyboard; name = Base; path = Base.lproj/Main.storyboard; sourceTree = "<group>"; };
		4CBA916F1E59BE9600AEBC30 /* Assets.xcassets */ = {isa = PBXFileReference; lastKnownFileType = folder.assetcatalog; path = Assets.xcassets; sourceTree = "<group>"; };
		4CBA91721E59BE9600AEBC30 /* Base */ = {isa = PBXFileReference; lastKnownFileType = file.storyboard; name = Base; path = Base.lproj/LaunchScreen.storyboard; sourceTree = "<group>"; };
		4CBA91741E59BE9600AEBC30 /* Info.plist */ = {isa = PBXFileReference; lastKnownFileType = text.plist.xml; path = Info.plist; sourceTree = "<group>"; };
		4CE71C312302E6CF00D7D00D /* LICENSE */ = {isa = PBXFileReference; fileEncoding = 4; lastKnownFileType = text; name = LICENSE; path = ../../LICENSE; sourceTree = "<group>"; };
		4CE71C322302E6CF00D7D00D /* README.md */ = {isa = PBXFileReference; fileEncoding = 4; lastKnownFileType = net.daringfireball.markdown; name = README.md; path = ../../README.md; sourceTree = "<group>"; };
		4CE71C332302E6D000D7D00D /* CYKit.podspec */ = {isa = PBXFileReference; fileEncoding = 4; lastKnownFileType = text; name = CYKit.podspec; path = ../../CYKit.podspec; sourceTree = "<group>"; xcLanguageSpecificationIdentifier = xcode.lang.ruby; };
		4CFE2ECD2318AF1C005AD4C4 /* CYMeModel.h */ = {isa = PBXFileReference; lastKnownFileType = sourcecode.c.h; path = CYMeModel.h; sourceTree = "<group>"; };
		4CFE2ECE2318AF1C005AD4C4 /* CYMeModel.m */ = {isa = PBXFileReference; lastKnownFileType = sourcecode.c.objc; path = CYMeModel.m; sourceTree = "<group>"; };
		4CFE2ED02318AFD4005AD4C4 /* CYKitDemo.pch */ = {isa = PBXFileReference; lastKnownFileType = sourcecode.c.h; path = CYKitDemo.pch; sourceTree = "<group>"; };
		680ECBDAFB5A5653E1A02C28 /* Pods-CYKitDemo.release.xcconfig */ = {isa = PBXFileReference; includeInIndex = 1; lastKnownFileType = text.xcconfig; name = "Pods-CYKitDemo.release.xcconfig"; path = "Target Support Files/Pods-CYKitDemo/Pods-CYKitDemo.release.xcconfig"; sourceTree = "<group>"; };
		AD1AD689932BA930006EBA9B /* libPods-CYKitDemo.a */ = {isa = PBXFileReference; explicitFileType = archive.ar; includeInIndex = 0; path = "libPods-CYKitDemo.a"; sourceTree = BUILT_PRODUCTS_DIR; };
		D0F322A3D63E992986CAA619 /* Pods-CYKitDemo.debug.xcconfig */ = {isa = PBXFileReference; includeInIndex = 1; lastKnownFileType = text.xcconfig; name = "Pods-CYKitDemo.debug.xcconfig"; path = "Target Support Files/Pods-CYKitDemo/Pods-CYKitDemo.debug.xcconfig"; sourceTree = "<group>"; };
/* End PBXFileReference section */

/* Begin PBXFrameworksBuildPhase section */
		4CBA915D1E59BE9600AEBC30 /* Frameworks */ = {
			isa = PBXFrameworksBuildPhase;
			buildActionMask = 2147483647;
			files = (
				4C633FCE1F78A3F400D235D2 /* libz.tbd in Frameworks */,
				7DF3FE013BAD84D52FCBC28F /* libPods-CYKitDemo.a in Frameworks */,
			);
			runOnlyForDeploymentPostprocessing = 0;
		};
/* End PBXFrameworksBuildPhase section */

/* Begin PBXGroup section */
		4CBA91571E59BE9600AEBC30 = {
			isa = PBXGroup;
			children = (
				4CE71C302302E6B600D7D00D /* Podspec Metadata */,
				4CBA91621E59BE9600AEBC30 /* CYKitDemo */,
				4CBA91611E59BE9600AEBC30 /* Products */,
				D59C03FF8D8C93C0354E2205 /* Frameworks */,
				D1C0DB1F01B946E2E701916A /* Pods */,
			);
			sourceTree = "<group>";
		};
		4CBA91611E59BE9600AEBC30 /* Products */ = {
			isa = PBXGroup;
			children = (
				4CBA91601E59BE9600AEBC30 /* CYKitDemo.app */,
			);
			name = Products;
			sourceTree = "<group>";
		};
		4CBA91621E59BE9600AEBC30 /* CYKitDemo */ = {
			isa = PBXGroup;
			children = (
				4CBA91661E59BE9600AEBC30 /* AppDelegate.h */,
				4CBA91671E59BE9600AEBC30 /* AppDelegate.m */,
				4CBA91691E59BE9600AEBC30 /* ViewController.h */,
				4CBA916A1E59BE9600AEBC30 /* ViewController.m */,
				4C2CC00E1E7F6F5E002FFB38 /* CustomTabBarController+Initional.h */,
				4C2CC00F1E7F6F5E002FFB38 /* CustomTabBarController+Initional.m */,
				4C2CC0111E7F7071002FFB38 /* HomeViewController.h */,
				4C2CC0121E7F7071002FFB38 /* HomeViewController.m */,
				4C2CC0141E7F707C002FFB38 /* MeViewController.h */,
				4C2CC0151E7F707C002FFB38 /* MeViewController.m */,
				4CFE2ED02318AFD4005AD4C4 /* CYKitDemo.pch */,
				4CFE2ECA2318AEE1005AD4C4 /* Me */,
				4CBA916C1E59BE9600AEBC30 /* Main.storyboard */,
				4CBA916F1E59BE9600AEBC30 /* Assets.xcassets */,
				4CBA91711E59BE9600AEBC30 /* LaunchScreen.storyboard */,
				4CBA91741E59BE9600AEBC30 /* Info.plist */,
				4CBA91631E59BE9600AEBC30 /* Supporting Files */,
			);
			path = CYKitDemo;
			sourceTree = "<group>";
		};
		4CBA91631E59BE9600AEBC30 /* Supporting Files */ = {
			isa = PBXGroup;
			children = (
				4CBA91641E59BE9600AEBC30 /* main.m */,
			);
			name = "Supporting Files";
			sourceTree = "<group>";
		};
		4CE71C302302E6B600D7D00D /* Podspec Metadata */ = {
			isa = PBXGroup;
			children = (
				4CE71C332302E6D000D7D00D /* CYKit.podspec */,
				4CE71C312302E6CF00D7D00D /* LICENSE */,
				4CE71C322302E6CF00D7D00D /* README.md */,
			);
			path = "Podspec Metadata";
			sourceTree = "<group>";
		};
		4CFE2ECA2318AEE1005AD4C4 /* Me */ = {
			isa = PBXGroup;
			children = (
				4CFE2ECC2318AF07005AD4C4 /* Model */,
				4CFE2ECB2318AEF4005AD4C4 /* ViewController */,
			);
			name = Me;
			sourceTree = "<group>";
		};
		4CFE2ECB2318AEF4005AD4C4 /* ViewController */ = {
			isa = PBXGroup;
			children = (
			);
			name = ViewController;
			sourceTree = "<group>";
		};
		4CFE2ECC2318AF07005AD4C4 /* Model */ = {
			isa = PBXGroup;
			children = (
				4CFE2ECD2318AF1C005AD4C4 /* CYMeModel.h */,
				4CFE2ECE2318AF1C005AD4C4 /* CYMeModel.m */,
			);
			name = Model;
			sourceTree = "<group>";
		};
		D1C0DB1F01B946E2E701916A /* Pods */ = {
			isa = PBXGroup;
			children = (
				D0F322A3D63E992986CAA619 /* Pods-CYKitDemo.debug.xcconfig */,
				680ECBDAFB5A5653E1A02C28 /* Pods-CYKitDemo.release.xcconfig */,
			);
			path = Pods;
			sourceTree = "<group>";
		};
		D59C03FF8D8C93C0354E2205 /* Frameworks */ = {
			isa = PBXGroup;
			children = (
				4C633FCD1F78A3F400D235D2 /* libz.tbd */,
				AD1AD689932BA930006EBA9B /* libPods-CYKitDemo.a */,
			);
			name = Frameworks;
			sourceTree = "<group>";
		};
/* End PBXGroup section */

/* Begin PBXNativeTarget section */
		4CBA915F1E59BE9600AEBC30 /* CYKitDemo */ = {
			isa = PBXNativeTarget;
			buildConfigurationList = 4CBA91771E59BE9600AEBC30 /* Build configuration list for PBXNativeTarget "CYKitDemo" */;
			buildPhases = (
				5CCDC979DE969291E0C604CF /* [CP] Check Pods Manifest.lock */,
				4CBA915C1E59BE9600AEBC30 /* Sources */,
				4CBA915D1E59BE9600AEBC30 /* Frameworks */,
				4CBA915E1E59BE9600AEBC30 /* Resources */,
				CEEF50816D931E7F22FF3B4D /* [CP] Copy Pods Resources */,
			);
			buildRules = (
			);
			dependencies = (
			);
			name = CYKitDemo;
			productName = CYKitDemo;
			productReference = 4CBA91601E59BE9600AEBC30 /* CYKitDemo.app */;
			productType = "com.apple.product-type.application";
		};
/* End PBXNativeTarget section */

/* Begin PBXProject section */
		4CBA91581E59BE9600AEBC30 /* Project object */ = {
			isa = PBXProject;
			attributes = {
				CLASSPREFIX = CY;
				LastUpgradeCheck = 0820;
				ORGANIZATIONNAME = cheng.yan;
				TargetAttributes = {
					4CBA915F1E59BE9600AEBC30 = {
						CreatedOnToolsVersion = 8.2.1;
						DevelopmentTeam = M99LZTCK8N;
						ProvisioningStyle = Manual;
					};
				};
			};
			buildConfigurationList = 4CBA915B1E59BE9600AEBC30 /* Build configuration list for PBXProject "CYKitDemo" */;
			compatibilityVersion = "Xcode 3.2";
			developmentRegion = English;
			hasScannedForEncodings = 0;
			knownRegions = (
				English,
				en,
				Base,
			);
			mainGroup = 4CBA91571E59BE9600AEBC30;
			productRefGroup = 4CBA91611E59BE9600AEBC30 /* Products */;
			projectDirPath = "";
			projectRoot = "";
			targets = (
				4CBA915F1E59BE9600AEBC30 /* CYKitDemo */,
			);
		};
/* End PBXProject section */

/* Begin PBXResourcesBuildPhase section */
		4CBA915E1E59BE9600AEBC30 /* Resources */ = {
			isa = PBXResourcesBuildPhase;
			buildActionMask = 2147483647;
			files = (
				4CBA91731E59BE9600AEBC30 /* LaunchScreen.storyboard in Resources */,
				4CE71C362302E6D000D7D00D /* CYKit.podspec in Resources */,
				4CBA91701E59BE9600AEBC30 /* Assets.xcassets in Resources */,
				4CE71C352302E6D000D7D00D /* README.md in Resources */,
				4CE71C342302E6D000D7D00D /* LICENSE in Resources */,
				4CBA916E1E59BE9600AEBC30 /* Main.storyboard in Resources */,
			);
			runOnlyForDeploymentPostprocessing = 0;
		};
/* End PBXResourcesBuildPhase section */

/* Begin PBXShellScriptBuildPhase section */
		5CCDC979DE969291E0C604CF /* [CP] Check Pods Manifest.lock */ = {
			isa = PBXShellScriptBuildPhase;
			buildActionMask = 2147483647;
			files = (
			);
			inputFileListPaths = (
			);
			inputPaths = (
				"${PODS_PODFILE_DIR_PATH}/Podfile.lock",
				"${PODS_ROOT}/Manifest.lock",
			);
			name = "[CP] Check Pods Manifest.lock";
			outputFileListPaths = (
			);
			outputPaths = (
				"$(DERIVED_FILE_DIR)/Pods-CYKitDemo-checkManifestLockResult.txt",
			);
			runOnlyForDeploymentPostprocessing = 0;
			shellPath = /bin/sh;
			shellScript = "diff \"${PODS_PODFILE_DIR_PATH}/Podfile.lock\" \"${PODS_ROOT}/Manifest.lock\" > /dev/null\nif [ $? != 0 ] ; then\n    # print error to STDERR\n    echo \"error: The sandbox is not in sync with the Podfile.lock. Run 'pod install' or update your CocoaPods installation.\" >&2\n    exit 1\nfi\n# This output is used by Xcode 'outputs' to avoid re-running this script phase.\necho \"SUCCESS\" > \"${SCRIPT_OUTPUT_FILE_0}\"\n";
			showEnvVarsInLog = 0;
		};
		CEEF50816D931E7F22FF3B4D /* [CP] Copy Pods Resources */ = {
			isa = PBXShellScriptBuildPhase;
			buildActionMask = 2147483647;
			files = (
			);
			inputFileListPaths = (
			);
			inputPaths = (
				"${PODS_ROOT}/Target Support Files/Pods-CYKitDemo/Pods-CYKitDemo-resources.sh",
				"${PODS_ROOT}/../../CYKit/Resources/back@2x.png",
				"${PODS_ROOT}/../../CYKit/Resources/back@3x.png",
				"${PODS_ROOT}/../../CYKit/Resources/image_navigation_close@2x.png",
				"${PODS_ROOT}/../../CYKit/Resources/image_navigation_close@3x.png",
				"${PODS_ROOT}/../../CYKit/Resources/sy_mine_camera@2x.png",
				"${PODS_ROOT}/../../CYKit/Resources/sy_mine_camera@3x.png",
			);
			name = "[CP] Copy Pods Resources";
			outputFileListPaths = (
			);
			outputPaths = (
				"${TARGET_BUILD_DIR}/${UNLOCALIZED_RESOURCES_FOLDER_PATH}/back@2x.png",
				"${TARGET_BUILD_DIR}/${UNLOCALIZED_RESOURCES_FOLDER_PATH}/back@3x.png",
				"${TARGET_BUILD_DIR}/${UNLOCALIZED_RESOURCES_FOLDER_PATH}/image_navigation_close@2x.png",
				"${TARGET_BUILD_DIR}/${UNLOCALIZED_RESOURCES_FOLDER_PATH}/image_navigation_close@3x.png",
				"${TARGET_BUILD_DIR}/${UNLOCALIZED_RESOURCES_FOLDER_PATH}/sy_mine_camera@2x.png",
				"${TARGET_BUILD_DIR}/${UNLOCALIZED_RESOURCES_FOLDER_PATH}/sy_mine_camera@3x.png",
			);
			runOnlyForDeploymentPostprocessing = 0;
			shellPath = /bin/sh;
			shellScript = "\"${PODS_ROOT}/Target Support Files/Pods-CYKitDemo/Pods-CYKitDemo-resources.sh\"\n";
			showEnvVarsInLog = 0;
		};
/* End PBXShellScriptBuildPhase section */

/* Begin PBXSourcesBuildPhase section */
		4CBA915C1E59BE9600AEBC30 /* Sources */ = {
			isa = PBXSourcesBuildPhase;
			buildActionMask = 2147483647;
			files = (
				4C2CC0161E7F707C002FFB38 /* MeViewController.m in Sources */,
				4CBA916B1E59BE9600AEBC30 /* ViewController.m in Sources */,
				4CBA91681E59BE9600AEBC30 /* AppDelegate.m in Sources */,
				4C2CC0101E7F6F5E002FFB38 /* CustomTabBarController+Initional.m in Sources */,
				4CFE2ECF2318AF1C005AD4C4 /* CYMeModel.m in Sources */,
				4C2CC0131E7F7071002FFB38 /* HomeViewController.m in Sources */,
				4CBA91651E59BE9600AEBC30 /* main.m in Sources */,
			);
			runOnlyForDeploymentPostprocessing = 0;
		};
/* End PBXSourcesBuildPhase section */

/* Begin PBXVariantGroup section */
		4CBA916C1E59BE9600AEBC30 /* Main.storyboard */ = {
			isa = PBXVariantGroup;
			children = (
				4CBA916D1E59BE9600AEBC30 /* Base */,
			);
			name = Main.storyboard;
			sourceTree = "<group>";
		};
		4CBA91711E59BE9600AEBC30 /* LaunchScreen.storyboard */ = {
			isa = PBXVariantGroup;
			children = (
				4CBA91721E59BE9600AEBC30 /* Base */,
			);
			name = LaunchScreen.storyboard;
			sourceTree = "<group>";
		};
/* End PBXVariantGroup section */

/* Begin XCBuildConfiguration section */
		4CBA91751E59BE9600AEBC30 /* Debug */ = {
			isa = XCBuildConfiguration;
			buildSettings = {
				ALWAYS_SEARCH_USER_PATHS = NO;
				CLANG_ANALYZER_NONNULL = YES;
				CLANG_CXX_LANGUAGE_STANDARD = "gnu++0x";
				CLANG_CXX_LIBRARY = "libc++";
				CLANG_ENABLE_MODULES = YES;
				CLANG_ENABLE_OBJC_ARC = YES;
				CLANG_WARN_BOOL_CONVERSION = YES;
				CLANG_WARN_CONSTANT_CONVERSION = YES;
				CLANG_WARN_DIRECT_OBJC_ISA_USAGE = YES_ERROR;
				CLANG_WARN_DOCUMENTATION_COMMENTS = YES;
				CLANG_WARN_EMPTY_BODY = YES;
				CLANG_WARN_ENUM_CONVERSION = YES;
				CLANG_WARN_INFINITE_RECURSION = YES;
				CLANG_WARN_INT_CONVERSION = YES;
				CLANG_WARN_OBJC_ROOT_CLASS = YES_ERROR;
				CLANG_WARN_SUSPICIOUS_MOVE = YES;
				CLANG_WARN_UNREACHABLE_CODE = YES;
				CLANG_WARN__DUPLICATE_METHOD_MATCH = YES;
				"CODE_SIGN_IDENTITY[sdk=iphoneos*]" = "iPhone Developer";
				COPY_PHASE_STRIP = NO;
				DEBUG_INFORMATION_FORMAT = dwarf;
				ENABLE_STRICT_OBJC_MSGSEND = YES;
				ENABLE_TESTABILITY = YES;
				GCC_C_LANGUAGE_STANDARD = gnu99;
				GCC_DYNAMIC_NO_PIC = NO;
				GCC_NO_COMMON_BLOCKS = YES;
				GCC_OPTIMIZATION_LEVEL = 0;
				GCC_PREPROCESSOR_DEFINITIONS = (
					"DEBUG=1",
					"$(inherited)",
				);
				GCC_WARN_64_TO_32_BIT_CONVERSION = YES;
				GCC_WARN_ABOUT_RETURN_TYPE = YES_ERROR;
				GCC_WARN_UNDECLARED_SELECTOR = YES;
				GCC_WARN_UNINITIALIZED_AUTOS = YES_AGGRESSIVE;
				GCC_WARN_UNUSED_FUNCTION = YES;
				GCC_WARN_UNUSED_VARIABLE = YES;
				IPHONEOS_DEPLOYMENT_TARGET = 10.2;
				MTL_ENABLE_DEBUG_INFO = YES;
				ONLY_ACTIVE_ARCH = YES;
				SDKROOT = iphoneos;
				TARGETED_DEVICE_FAMILY = "1,2";
			};
			name = Debug;
		};
		4CBA91761E59BE9600AEBC30 /* Release */ = {
			isa = XCBuildConfiguration;
			buildSettings = {
				ALWAYS_SEARCH_USER_PATHS = NO;
				CLANG_ANALYZER_NONNULL = YES;
				CLANG_CXX_LANGUAGE_STANDARD = "gnu++0x";
				CLANG_CXX_LIBRARY = "libc++";
				CLANG_ENABLE_MODULES = YES;
				CLANG_ENABLE_OBJC_ARC = YES;
				CLANG_WARN_BOOL_CONVERSION = YES;
				CLANG_WARN_CONSTANT_CONVERSION = YES;
				CLANG_WARN_DIRECT_OBJC_ISA_USAGE = YES_ERROR;
				CLANG_WARN_DOCUMENTATION_COMMENTS = YES;
				CLANG_WARN_EMPTY_BODY = YES;
				CLANG_WARN_ENUM_CONVERSION = YES;
				CLANG_WARN_INFINITE_RECURSION = YES;
				CLANG_WARN_INT_CONVERSION = YES;
				CLANG_WARN_OBJC_ROOT_CLASS = YES_ERROR;
				CLANG_WARN_SUSPICIOUS_MOVE = YES;
				CLANG_WARN_UNREACHABLE_CODE = YES;
				CLANG_WARN__DUPLICATE_METHOD_MATCH = YES;
				"CODE_SIGN_IDENTITY[sdk=iphoneos*]" = "iPhone Developer";
				COPY_PHASE_STRIP = NO;
				DEBUG_INFORMATION_FORMAT = "dwarf-with-dsym";
				ENABLE_NS_ASSERTIONS = NO;
				ENABLE_STRICT_OBJC_MSGSEND = YES;
				GCC_C_LANGUAGE_STANDARD = gnu99;
				GCC_NO_COMMON_BLOCKS = YES;
				GCC_WARN_64_TO_32_BIT_CONVERSION = YES;
				GCC_WARN_ABOUT_RETURN_TYPE = YES_ERROR;
				GCC_WARN_UNDECLARED_SELECTOR = YES;
				GCC_WARN_UNINITIALIZED_AUTOS = YES_AGGRESSIVE;
				GCC_WARN_UNUSED_FUNCTION = YES;
				GCC_WARN_UNUSED_VARIABLE = YES;
				IPHONEOS_DEPLOYMENT_TARGET = 10.2;
				MTL_ENABLE_DEBUG_INFO = NO;
				SDKROOT = iphoneos;
				TARGETED_DEVICE_FAMILY = "1,2";
				VALIDATE_PRODUCT = YES;
			};
			name = Release;
		};
		4CBA91781E59BE9600AEBC30 /* Debug */ = {
			isa = XCBuildConfiguration;
			baseConfigurationReference = D0F322A3D63E992986CAA619 /* Pods-CYKitDemo.debug.xcconfig */;
			buildSettings = {
				ASSETCATALOG_COMPILER_APPICON_NAME = AppIcon;
				CODE_SIGN_IDENTITY = "iPhone Developer";
				"CODE_SIGN_IDENTITY[sdk=iphoneos*]" = "iPhone Developer: cheng yan (Y3URSZH366)";
				CODE_SIGN_STYLE = Manual;
				DEVELOPMENT_TEAM = M99LZTCK8N;
				GCC_PREFIX_HEADER = "$(SRCROOT)/CYKitDemo/CYKitDemo.pch";
				INFOPLIST_FILE = CYKitDemo/Info.plist;
				LD_RUNPATH_SEARCH_PATHS = "$(inherited) @executable_path/Frameworks";
				PRODUCT_BUNDLE_IDENTIFIER = chenyan.CYKitDemo;
				PRODUCT_NAME = "$(TARGET_NAME)";
				PROVISIONING_PROFILE_SPECIFIER = CommonTest;
			};
			name = Debug;
		};
		4CBA91791E59BE9600AEBC30 /* Release */ = {
			isa = XCBuildConfiguration;
			baseConfigurationReference = 680ECBDAFB5A5653E1A02C28 /* Pods-CYKitDemo.release.xcconfig */;
			buildSettings = {
				ASSETCATALOG_COMPILER_APPICON_NAME = AppIcon;
				CODE_SIGN_IDENTITY = "iPhone Developer: cheng yan (Y3URSZH366)";
				CODE_SIGN_STYLE = Manual;
				DEVELOPMENT_TEAM = "";
				GCC_PREFIX_HEADER = "$(SRCROOT)/CYKitDemo/CYKitDemo.pch";
				INFOPLIST_FILE = CYKitDemo/Info.plist;
				LD_RUNPATH_SEARCH_PATHS = "$(inherited) @executable_path/Frameworks";
				PRODUCT_BUNDLE_IDENTIFIER = chenyan.CYKitDemo;
				PRODUCT_NAME = "$(TARGET_NAME)";
				PROVISIONING_PROFILE_SPECIFIER = "";
			};
			name = Release;
		};
/* End XCBuildConfiguration section */

/* Begin XCConfigurationList section */
		4CBA915B1E59BE9600AEBC30 /* Build configuration list for PBXProject "CYKitDemo" */ = {
			isa = XCConfigurationList;
			buildConfigurations = (
				4CBA91751E59BE9600AEBC30 /* Debug */,
				4CBA91761E59BE9600AEBC30 /* Release */,
			);
			defaultConfigurationIsVisible = 0;
			defaultConfigurationName = Release;
		};
		4CBA91771E59BE9600AEBC30 /* Build configuration list for PBXNativeTarget "CYKitDemo" */ = {
			isa = XCConfigurationList;
			buildConfigurations = (
				4CBA91781E59BE9600AEBC30 /* Debug */,
				4CBA91791E59BE9600AEBC30 /* Release */,
			);
			defaultConfigurationIsVisible = 0;
			defaultConfigurationName = Release;
		};
/* End XCConfigurationList section */
	};
	rootObject = 4CBA91581E59BE9600AEBC30 /* Project object */;
}
