// !$*UTF8*$!
{
	archiveVersion = 1;
	classes = {
	};
	objectVersion = 46;
	objects = {

/* Begin PBXBuildFile section */
		4C3AE1622521D685004545D4 /* CYPageMenu.m in Sources */ = {isa = PBXBuildFile; fileRef = 4C3AE1462521D684004545D4 /* CYPageMenu.m */; };
		4C3AE1632521D685004545D4 /* CYWeixinLoginViewController.m in Sources */ = {isa = PBXBuildFile; fileRef = 4C3AE1472521D684004545D4 /* CYWeixinLoginViewController.m */; };
		4C3AE1642521D685004545D4 /* CYH5ViewController.m in Sources */ = {isa = PBXBuildFile; fileRef = 4C3AE1482521D684004545D4 /* CYH5ViewController.m */; };
		4C3AE1652521D685004545D4 /* CYPageManager.m in Sources */ = {isa = PBXBuildFile; fileRef = 4C3AE1492521D684004545D4 /* CYPageManager.m */; };
		4C3AE1662521D685004545D4 /* CYWeixinLoginViewController.h in Headers */ = {isa = PBXBuildFile; fileRef = 4C3AE14A2521D684004545D4 /* CYWeixinLoginViewController.h */; };
		4C3AE1672521D685004545D4 /* CYForgotPasswordViewController.m in Sources */ = {isa = PBXBuildFile; fileRef = 4C3AE14B2521D684004545D4 /* CYForgotPasswordViewController.m */; };
		4C3AE1682521D685004545D4 /* CYPageScrollView.h in Headers */ = {isa = PBXBuildFile; fileRef = 4C3AE14C2521D684004545D4 /* CYPageScrollView.h */; };
		4C3AE1692521D685004545D4 /* CYBaseViewController.h in Headers */ = {isa = PBXBuildFile; fileRef = 4C3AE14D2521D684004545D4 /* CYBaseViewController.h */; };
		4C3AE16A2521D685004545D4 /* CYPageManager.h in Headers */ = {isa = PBXBuildFile; fileRef = 4C3AE14E2521D685004545D4 /* CYPageManager.h */; };
		4C3AE16C2521D685004545D4 /* CYChangePasswordViewController.m in Sources */ = {isa = PBXBuildFile; fileRef = 4C3AE1502521D685004545D4 /* CYChangePasswordViewController.m */; };
		4C3AE16D2521D685004545D4 /* CYRefreshHeader.h in Headers */ = {isa = PBXBuildFile; fileRef = 4C3AE1512521D685004545D4 /* CYRefreshHeader.h */; };
		4C3AE16E2521D685004545D4 /* CYRefreshFooter.m in Sources */ = {isa = PBXBuildFile; fileRef = 4C3AE1522521D685004545D4 /* CYRefreshFooter.m */; };
		4C3AE16F2521D685004545D4 /* CYChangePasswordViewController.xib in Resources */ = {isa = PBXBuildFile; fileRef = 4C3AE1532521D685004545D4 /* CYChangePasswordViewController.xib */; };
		4C3AE1712521D685004545D4 /* CYPageMenuButton.m in Sources */ = {isa = PBXBuildFile; fileRef = 4C3AE1552521D685004545D4 /* CYPageMenuButton.m */; };
		4C3AE1722521D685004545D4 /* CYPageMenuButton.h in Headers */ = {isa = PBXBuildFile; fileRef = 4C3AE1562521D685004545D4 /* CYPageMenuButton.h */; };
		4C3AE1732521D685004545D4 /* CYRefreshFooter.h in Headers */ = {isa = PBXBuildFile; fileRef = 4C3AE1572521D685004545D4 /* CYRefreshFooter.h */; };
		4C3AE1742521D685004545D4 /* CYPageScrollView.m in Sources */ = {isa = PBXBuildFile; fileRef = 4C3AE1582521D685004545D4 /* CYPageScrollView.m */; };
		4C3AE1752521D685004545D4 /* CYPageMenu.h in Headers */ = {isa = PBXBuildFile; fileRef = 4C3AE1592521D685004545D4 /* CYPageMenu.h */; };
		4C3AE1762521D685004545D4 /* CYH5ViewController.h in Headers */ = {isa = PBXBuildFile; fileRef = 4C3AE15A2521D685004545D4 /* CYH5ViewController.h */; };
		4C3AE1772521D685004545D4 /* CYChangePasswordViewController.h in Headers */ = {isa = PBXBuildFile; fileRef = 4C3AE15B2521D685004545D4 /* CYChangePasswordViewController.h */; };
		4C3AE1782521D685004545D4 /* CYRefreshHeader.m in Sources */ = {isa = PBXBuildFile; fileRef = 4C3AE15C2521D685004545D4 /* CYRefreshHeader.m */; };
		4C3AE1792521D685004545D4 /* CYPageMenuItem.m in Sources */ = {isa = PBXBuildFile; fileRef = 4C3AE15D2521D685004545D4 /* CYPageMenuItem.m */; };
		4C3AE17A2521D685004545D4 /* CYForgotPasswordViewController.xib in Resources */ = {isa = PBXBuildFile; fileRef = 4C3AE15E2521D685004545D4 /* CYForgotPasswordViewController.xib */; };
		4C3AE17B2521D685004545D4 /* CYPageMenuItem.h in Headers */ = {isa = PBXBuildFile; fileRef = 4C3AE15F2521D685004545D4 /* CYPageMenuItem.h */; };
		4C3AE17C2521D685004545D4 /* CYForgotPasswordViewController.h in Headers */ = {isa = PBXBuildFile; fileRef = 4C3AE1602521D685004545D4 /* CYForgotPasswordViewController.h */; };
		4C3AE17D2521D685004545D4 /* CYBaseViewController.m in Sources */ = {isa = PBXBuildFile; fileRef = 4C3AE1612521D685004545D4 /* CYBaseViewController.m */; };
		4C3AE18F2521D6D2004545D4 /* sy_login_phone@3x.png in Resources */ = {isa = PBXBuildFile; fileRef = 4C3AE1802521D6D1004545D4 /* sy_login_phone@3x.png */; };
		4C3AE1902521D6D2004545D4 /* sy_login_scan@3x.png in Resources */ = {isa = PBXBuildFile; fileRef = 4C3AE1812521D6D1004545D4 /* sy_login_scan@3x.png */; };
		4C3AE1912521D6D2004545D4 /* sy_login_avator@3x.png in Resources */ = {isa = PBXBuildFile; fileRef = 4C3AE1822521D6D1004545D4 /* sy_login_avator@3x.png */; };
		4C3AE1922521D6D2004545D4 /* sy_login_header@3x.png in Resources */ = {isa = PBXBuildFile; fileRef = 4C3AE1832521D6D2004545D4 /* sy_login_header@3x.png */; };
		4C3AE1932521D6D2004545D4 /* sy_login_logo@3x.png in Resources */ = {isa = PBXBuildFile; fileRef = 4C3AE1842521D6D2004545D4 /* sy_login_logo@3x.png */; };
		4C3AE1942521D6D2004545D4 /* sy_login_logo@2x.png in Resources */ = {isa = PBXBuildFile; fileRef = 4C3AE1852521D6D2004545D4 /* sy_login_logo@2x.png */; };
		4C3AE1952521D6D2004545D4 /* sy_login_header@2x.png in Resources */ = {isa = PBXBuildFile; fileRef = 4C3AE1862521D6D2004545D4 /* sy_login_header@2x.png */; };
		4C3AE1962521D6D2004545D4 /* sy_login_avator@2x.png in Resources */ = {isa = PBXBuildFile; fileRef = 4C3AE1872521D6D2004545D4 /* sy_login_avator@2x.png */; };
		4C3AE1972521D6D2004545D4 /* sy_login_password@3x.png in Resources */ = {isa = PBXBuildFile; fileRef = 4C3AE1882521D6D2004545D4 /* sy_login_password@3x.png */; };
		4C3AE1982521D6D2004545D4 /* sy_login_password@2x.png in Resources */ = {isa = PBXBuildFile; fileRef = 4C3AE1892521D6D2004545D4 /* sy_login_password@2x.png */; };
		4C3AE1992521D6D2004545D4 /* CYKit.bundle in Resources */ = {isa = PBXBuildFile; fileRef = 4C3AE18A2521D6D2004545D4 /* CYKit.bundle */; };
		4C3AE19A2521D6D2004545D4 /* sy_mine_camera@2x.png in Resources */ = {isa = PBXBuildFile; fileRef = 4C3AE18B2521D6D2004545D4 /* sy_mine_camera@2x.png */; };
		4C3AE19B2521D6D2004545D4 /* sy_mine_camera@3x.png in Resources */ = {isa = PBXBuildFile; fileRef = 4C3AE18C2521D6D2004545D4 /* sy_mine_camera@3x.png */; };
		4C3AE19C2521D6D2004545D4 /* sy_login_scan@2x.png in Resources */ = {isa = PBXBuildFile; fileRef = 4C3AE18D2521D6D2004545D4 /* sy_login_scan@2x.png */; };
		4C3AE19D2521D6D2004545D4 /* sy_login_phone@2x.png in Resources */ = {isa = PBXBuildFile; fileRef = 4C3AE18E2521D6D2004545D4 /* sy_login_phone@2x.png */; };
		4C633FCC1F78A38A00D235D2 /* libz.tbd in Frameworks */ = {isa = PBXBuildFile; fileRef = 4C633FCB1F78A38A00D235D2 /* libz.tbd */; };
		4C8AC4351DB0F14100BE5647 /* Foundation.framework in Frameworks */ = {isa = PBXBuildFile; fileRef = 4C8AC4341DB0F14100BE5647 /* Foundation.framework */; };
		4C8AC4371DB0F14C00BE5647 /* UIKit.framework in Frameworks */ = {isa = PBXBuildFile; fileRef = 4C8AC4361DB0F14C00BE5647 /* UIKit.framework */; };
		4CFE2F022318B6B4005AD4C4 /* back@2x.png in Resources */ = {isa = PBXBuildFile; fileRef = 4CFE2EE22318B6B3005AD4C4 /* back@2x.png */; };
		4CFE2F032318B6B4005AD4C4 /* back@3x.png in Resources */ = {isa = PBXBuildFile; fileRef = 4CFE2EE32318B6B3005AD4C4 /* back@3x.png */; };
		4CFE2F042318B6B4005AD4C4 /* image_navigation_close@2x.png in Resources */ = {isa = PBXBuildFile; fileRef = 4CFE2EE42318B6B3005AD4C4 /* image_navigation_close@2x.png */; };
		4CFE2F062318B6B4005AD4C4 /* image_navigation_close@3x.png in Resources */ = {isa = PBXBuildFile; fileRef = 4CFE2EE62318B6B3005AD4C4 /* image_navigation_close@3x.png */; };
		4CFE2F072318B6B4005AD4C4 /* CYCustomTabBarController.m in Sources */ = {isa = PBXBuildFile; fileRef = 4CFE2EE82318B6B4005AD4C4 /* CYCustomTabBarController.m */; };
		4CFE2F092318B6B4005AD4C4 /* CYCustomBarButton.h in Headers */ = {isa = PBXBuildFile; fileRef = 4CFE2EEA2318B6B4005AD4C4 /* CYCustomBarButton.h */; settings = {ATTRIBUTES = (Public, ); }; };
		4CFE2F0A2318B6B4005AD4C4 /* CYKitDefines.h in Headers */ = {isa = PBXBuildFile; fileRef = 4CFE2EEB2318B6B4005AD4C4 /* CYKitDefines.h */; settings = {ATTRIBUTES = (Public, ); }; };
		4CFE2F0B2318B6B4005AD4C4 /* CYCustomTabBar.h in Headers */ = {isa = PBXBuildFile; fileRef = 4CFE2EEC2318B6B4005AD4C4 /* CYCustomTabBar.h */; settings = {ATTRIBUTES = (Public, ); }; };
		4CFE2F0C2318B6B4005AD4C4 /* CYCustomTabBarController.h in Headers */ = {isa = PBXBuildFile; fileRef = 4CFE2EED2318B6B4005AD4C4 /* CYCustomTabBarController.h */; settings = {ATTRIBUTES = (Public, ); }; };
		4CFE2F0E2318B6B4005AD4C4 /* CYCustomBarButton.m in Sources */ = {isa = PBXBuildFile; fileRef = 4CFE2EEF2318B6B4005AD4C4 /* CYCustomBarButton.m */; };
		4CFE2F0F2318B6B4005AD4C4 /* CYCustomTabBar.m in Sources */ = {isa = PBXBuildFile; fileRef = 4CFE2EF02318B6B4005AD4C4 /* CYCustomTabBar.m */; };
		4CFE2F102318B6B4005AD4C4 /* CYKit.h in Headers */ = {isa = PBXBuildFile; fileRef = 4CFE2EF12318B6B4005AD4C4 /* CYKit.h */; settings = {ATTRIBUTES = (Public, ); }; };
		4CFE2F112318B6B4005AD4C4 /* CYModel.m in Sources */ = {isa = PBXBuildFile; fileRef = 4CFE2EF32318B6B4005AD4C4 /* CYModel.m */; };
		4CFE2F122318B6B4005AD4C4 /* CYModel.h in Headers */ = {isa = PBXBuildFile; fileRef = 4CFE2EF42318B6B4005AD4C4 /* CYModel.h */; settings = {ATTRIBUTES = (Public, ); }; };
		4CFE2F132318B6B4005AD4C4 /* NSString+CYAddition.m in Sources */ = {isa = PBXBuildFile; fileRef = 4CFE2EF62318B6B4005AD4C4 /* NSString+CYAddition.m */; };
		4CFE2F142318B6B4005AD4C4 /* NSData+CYAddition.m in Sources */ = {isa = PBXBuildFile; fileRef = 4CFE2EF72318B6B4005AD4C4 /* NSData+CYAddition.m */; };
		4CFE2F152318B6B4005AD4C4 /* UIColor+CYAddition.h in Headers */ = {isa = PBXBuildFile; fileRef = 4CFE2EF82318B6B4005AD4C4 /* UIColor+CYAddition.h */; settings = {ATTRIBUTES = (Public, ); }; };
		4CFE2F162318B6B4005AD4C4 /* UIImage+CYAddtion.m in Sources */ = {isa = PBXBuildFile; fileRef = 4CFE2EF92318B6B4005AD4C4 /* UIImage+CYAddtion.m */; };
		4CFE2F172318B6B4005AD4C4 /* UIDevice+CYAddition.h in Headers */ = {isa = PBXBuildFile; fileRef = 4CFE2EFA2318B6B4005AD4C4 /* UIDevice+CYAddition.h */; settings = {ATTRIBUTES = (Public, ); }; };
		4CFE2F182318B6B4005AD4C4 /* NSDate+CYExtend.m in Sources */ = {isa = PBXBuildFile; fileRef = 4CFE2EFB2318B6B4005AD4C4 /* NSDate+CYExtend.m */; };
		4CFE2F192318B6B4005AD4C4 /* NSString+CYAddition.h in Headers */ = {isa = PBXBuildFile; fileRef = 4CFE2EFC2318B6B4005AD4C4 /* NSString+CYAddition.h */; settings = {ATTRIBUTES = (Public, ); }; };
		4CFE2F1A2318B6B4005AD4C4 /* NSData+CYAddition.h in Headers */ = {isa = PBXBuildFile; fileRef = 4CFE2EFD2318B6B4005AD4C4 /* NSData+CYAddition.h */; settings = {ATTRIBUTES = (Public, ); }; };
		4CFE2F1B2318B6B4005AD4C4 /* UIImage+CYAddtion.h in Headers */ = {isa = PBXBuildFile; fileRef = 4CFE2EFE2318B6B4005AD4C4 /* UIImage+CYAddtion.h */; settings = {ATTRIBUTES = (Public, ); }; };
		4CFE2F1C2318B6B4005AD4C4 /* UIColor+CYAddition.m in Sources */ = {isa = PBXBuildFile; fileRef = 4CFE2EFF2318B6B4005AD4C4 /* UIColor+CYAddition.m */; };
		4CFE2F1D2318B6B4005AD4C4 /* NSDate+CYExtend.h in Headers */ = {isa = PBXBuildFile; fileRef = 4CFE2F002318B6B4005AD4C4 /* NSDate+CYExtend.h */; settings = {ATTRIBUTES = (Public, ); }; };
		4CFE2F1E2318B6B4005AD4C4 /* UIDevice+CYAddition.m in Sources */ = {isa = PBXBuildFile; fileRef = 4CFE2F012318B6B4005AD4C4 /* UIDevice+CYAddition.m */; };
/* End PBXBuildFile section */

/* Begin PBXFileReference section */
		4C3AE1462521D684004545D4 /* CYPageMenu.m */ = {isa = PBXFileReference; fileEncoding = 4; lastKnownFileType = sourcecode.c.objc; path = CYPageMenu.m; sourceTree = "<group>"; };
		4C3AE1472521D684004545D4 /* CYWeixinLoginViewController.m */ = {isa = PBXFileReference; fileEncoding = 4; lastKnownFileType = sourcecode.c.objc; path = CYWeixinLoginViewController.m; sourceTree = "<group>"; };
		4C3AE1482521D684004545D4 /* CYH5ViewController.m */ = {isa = PBXFileReference; fileEncoding = 4; lastKnownFileType = sourcecode.c.objc; path = CYH5ViewController.m; sourceTree = "<group>"; };
		4C3AE1492521D684004545D4 /* CYPageManager.m */ = {isa = PBXFileReference; fileEncoding = 4; lastKnownFileType = sourcecode.c.objc; path = CYPageManager.m; sourceTree = "<group>"; };
		4C3AE14A2521D684004545D4 /* CYWeixinLoginViewController.h */ = {isa = PBXFileReference; fileEncoding = 4; lastKnownFileType = sourcecode.c.h; path = CYWeixinLoginViewController.h; sourceTree = "<group>"; };
		4C3AE14B2521D684004545D4 /* CYForgotPasswordViewController.m */ = {isa = PBXFileReference; fileEncoding = 4; lastKnownFileType = sourcecode.c.objc; path = CYForgotPasswordViewController.m; sourceTree = "<group>"; };
		4C3AE14C2521D684004545D4 /* CYPageScrollView.h */ = {isa = PBXFileReference; fileEncoding = 4; lastKnownFileType = sourcecode.c.h; path = CYPageScrollView.h; sourceTree = "<group>"; };
		4C3AE14D2521D684004545D4 /* CYBaseViewController.h */ = {isa = PBXFileReference; fileEncoding = 4; lastKnownFileType = sourcecode.c.h; path = CYBaseViewController.h; sourceTree = "<group>"; };
		4C3AE14E2521D685004545D4 /* CYPageManager.h */ = {isa = PBXFileReference; fileEncoding = 4; lastKnownFileType = sourcecode.c.h; path = CYPageManager.h; sourceTree = "<group>"; };
		4C3AE1502521D685004545D4 /* CYChangePasswordViewController.m */ = {isa = PBXFileReference; fileEncoding = 4; lastKnownFileType = sourcecode.c.objc; path = CYChangePasswordViewController.m; sourceTree = "<group>"; };
		4C3AE1512521D685004545D4 /* CYRefreshHeader.h */ = {isa = PBXFileReference; fileEncoding = 4; lastKnownFileType = sourcecode.c.h; path = CYRefreshHeader.h; sourceTree = "<group>"; };
		4C3AE1522521D685004545D4 /* CYRefreshFooter.m */ = {isa = PBXFileReference; fileEncoding = 4; lastKnownFileType = sourcecode.c.objc; path = CYRefreshFooter.m; sourceTree = "<group>"; };
		4C3AE1532521D685004545D4 /* CYChangePasswordViewController.xib */ = {isa = PBXFileReference; fileEncoding = 4; lastKnownFileType = file.xib; path = CYChangePasswordViewController.xib; sourceTree = "<group>"; };
		4C3AE1552521D685004545D4 /* CYPageMenuButton.m */ = {isa = PBXFileReference; fileEncoding = 4; lastKnownFileType = sourcecode.c.objc; path = CYPageMenuButton.m; sourceTree = "<group>"; };
		4C3AE1562521D685004545D4 /* CYPageMenuButton.h */ = {isa = PBXFileReference; fileEncoding = 4; lastKnownFileType = sourcecode.c.h; path = CYPageMenuButton.h; sourceTree = "<group>"; };
		4C3AE1572521D685004545D4 /* CYRefreshFooter.h */ = {isa = PBXFileReference; fileEncoding = 4; lastKnownFileType = sourcecode.c.h; path = CYRefreshFooter.h; sourceTree = "<group>"; };
		4C3AE1582521D685004545D4 /* CYPageScrollView.m */ = {isa = PBXFileReference; fileEncoding = 4; lastKnownFileType = sourcecode.c.objc; path = CYPageScrollView.m; sourceTree = "<group>"; };
		4C3AE1592521D685004545D4 /* CYPageMenu.h */ = {isa = PBXFileReference; fileEncoding = 4; lastKnownFileType = sourcecode.c.h; path = CYPageMenu.h; sourceTree = "<group>"; };
		4C3AE15A2521D685004545D4 /* CYH5ViewController.h */ = {isa = PBXFileReference; fileEncoding = 4; lastKnownFileType = sourcecode.c.h; path = CYH5ViewController.h; sourceTree = "<group>"; };
		4C3AE15B2521D685004545D4 /* CYChangePasswordViewController.h */ = {isa = PBXFileReference; fileEncoding = 4; lastKnownFileType = sourcecode.c.h; path = CYChangePasswordViewController.h; sourceTree = "<group>"; };
		4C3AE15C2521D685004545D4 /* CYRefreshHeader.m */ = {isa = PBXFileReference; fileEncoding = 4; lastKnownFileType = sourcecode.c.objc; path = CYRefreshHeader.m; sourceTree = "<group>"; };
		4C3AE15D2521D685004545D4 /* CYPageMenuItem.m */ = {isa = PBXFileReference; fileEncoding = 4; lastKnownFileType = sourcecode.c.objc; path = CYPageMenuItem.m; sourceTree = "<group>"; };
		4C3AE15E2521D685004545D4 /* CYForgotPasswordViewController.xib */ = {isa = PBXFileReference; fileEncoding = 4; lastKnownFileType = file.xib; path = CYForgotPasswordViewController.xib; sourceTree = "<group>"; };
		4C3AE15F2521D685004545D4 /* CYPageMenuItem.h */ = {isa = PBXFileReference; fileEncoding = 4; lastKnownFileType = sourcecode.c.h; path = CYPageMenuItem.h; sourceTree = "<group>"; };
		4C3AE1602521D685004545D4 /* CYForgotPasswordViewController.h */ = {isa = PBXFileReference; fileEncoding = 4; lastKnownFileType = sourcecode.c.h; path = CYForgotPasswordViewController.h; sourceTree = "<group>"; };
		4C3AE1612521D685004545D4 /* CYBaseViewController.m */ = {isa = PBXFileReference; fileEncoding = 4; lastKnownFileType = sourcecode.c.objc; path = CYBaseViewController.m; sourceTree = "<group>"; };
		4C3AE1802521D6D1004545D4 /* sy_login_phone@3x.png */ = {isa = PBXFileReference; lastKnownFileType = image.png; path = "sy_login_phone@3x.png"; sourceTree = "<group>"; };
		4C3AE1812521D6D1004545D4 /* sy_login_scan@3x.png */ = {isa = PBXFileReference; lastKnownFileType = image.png; path = "sy_login_scan@3x.png"; sourceTree = "<group>"; };
		4C3AE1822521D6D1004545D4 /* sy_login_avator@3x.png */ = {isa = PBXFileReference; lastKnownFileType = image.png; path = "sy_login_avator@3x.png"; sourceTree = "<group>"; };
		4C3AE1832521D6D2004545D4 /* sy_login_header@3x.png */ = {isa = PBXFileReference; lastKnownFileType = image.png; path = "sy_login_header@3x.png"; sourceTree = "<group>"; };
		4C3AE1842521D6D2004545D4 /* sy_login_logo@3x.png */ = {isa = PBXFileReference; lastKnownFileType = image.png; path = "sy_login_logo@3x.png"; sourceTree = "<group>"; };
		4C3AE1852521D6D2004545D4 /* sy_login_logo@2x.png */ = {isa = PBXFileReference; lastKnownFileType = image.png; path = "sy_login_logo@2x.png"; sourceTree = "<group>"; };
		4C3AE1862521D6D2004545D4 /* sy_login_header@2x.png */ = {isa = PBXFileReference; lastKnownFileType = image.png; path = "sy_login_header@2x.png"; sourceTree = "<group>"; };
		4C3AE1872521D6D2004545D4 /* sy_login_avator@2x.png */ = {isa = PBXFileReference; lastKnownFileType = image.png; path = "sy_login_avator@2x.png"; sourceTree = "<group>"; };
		4C3AE1882521D6D2004545D4 /* sy_login_password@3x.png */ = {isa = PBXFileReference; lastKnownFileType = image.png; path = "sy_login_password@3x.png"; sourceTree = "<group>"; };
		4C3AE1892521D6D2004545D4 /* sy_login_password@2x.png */ = {isa = PBXFileReference; lastKnownFileType = image.png; path = "sy_login_password@2x.png"; sourceTree = "<group>"; };
		4C3AE18A2521D6D2004545D4 /* CYKit.bundle */ = {isa = PBXFileReference; lastKnownFileType = "wrapper.plug-in"; path = CYKit.bundle; sourceTree = "<group>"; };
		4C3AE18B2521D6D2004545D4 /* sy_mine_camera@2x.png */ = {isa = PBXFileReference; lastKnownFileType = image.png; path = "sy_mine_camera@2x.png"; sourceTree = "<group>"; };
		4C3AE18C2521D6D2004545D4 /* sy_mine_camera@3x.png */ = {isa = PBXFileReference; lastKnownFileType = image.png; path = "sy_mine_camera@3x.png"; sourceTree = "<group>"; };
		4C3AE18D2521D6D2004545D4 /* sy_login_scan@2x.png */ = {isa = PBXFileReference; lastKnownFileType = image.png; path = "sy_login_scan@2x.png"; sourceTree = "<group>"; };
		4C3AE18E2521D6D2004545D4 /* sy_login_phone@2x.png */ = {isa = PBXFileReference; lastKnownFileType = image.png; path = "sy_login_phone@2x.png"; sourceTree = "<group>"; };
		4C633FCB1F78A38A00D235D2 /* libz.tbd */ = {isa = PBXFileReference; lastKnownFileType = "sourcecode.text-based-dylib-definition"; name = libz.tbd; path = usr/lib/libz.tbd; sourceTree = SDKROOT; };
		4C8AC4271DB0F0D300BE5647 /* Info.plist */ = {isa = PBXFileReference; lastKnownFileType = text.plist.xml; path = Info.plist; sourceTree = "<group>"; };
		4C8AC4341DB0F14100BE5647 /* Foundation.framework */ = {isa = PBXFileReference; lastKnownFileType = wrapper.framework; name = Foundation.framework; path = System/Library/Frameworks/Foundation.framework; sourceTree = SDKROOT; };
		4C8AC4361DB0F14C00BE5647 /* UIKit.framework */ = {isa = PBXFileReference; lastKnownFileType = wrapper.framework; name = UIKit.framework; path = System/Library/Frameworks/UIKit.framework; sourceTree = SDKROOT; };
		4C9520A122D081D0000C5CB2 /* CYKit.framework */ = {isa = PBXFileReference; explicitFileType = wrapper.framework; includeInIndex = 0; path = CYKit.framework; sourceTree = BUILT_PRODUCTS_DIR; };
		4CFE2EE02318B664005AD4C4 /* CYKitDemo.app */ = {isa = PBXFileReference; explicitFileType = wrapper.application; includeInIndex = 0; path = CYKitDemo.app; sourceTree = BUILT_PRODUCTS_DIR; };
		4CFE2EE22318B6B3005AD4C4 /* back@2x.png */ = {isa = PBXFileReference; lastKnownFileType = image.png; path = "back@2x.png"; sourceTree = "<group>"; };
		4CFE2EE32318B6B3005AD4C4 /* back@3x.png */ = {isa = PBXFileReference; lastKnownFileType = image.png; path = "back@3x.png"; sourceTree = "<group>"; };
		4CFE2EE42318B6B3005AD4C4 /* image_navigation_close@2x.png */ = {isa = PBXFileReference; lastKnownFileType = image.png; path = "image_navigation_close@2x.png"; sourceTree = "<group>"; };
		4CFE2EE62318B6B3005AD4C4 /* image_navigation_close@3x.png */ = {isa = PBXFileReference; lastKnownFileType = image.png; path = "image_navigation_close@3x.png"; sourceTree = "<group>"; };
		4CFE2EE82318B6B4005AD4C4 /* CYCustomTabBarController.m */ = {isa = PBXFileReference; fileEncoding = 4; lastKnownFileType = sourcecode.c.objc; path = CYCustomTabBarController.m; sourceTree = "<group>"; };
		4CFE2EEA2318B6B4005AD4C4 /* CYCustomBarButton.h */ = {isa = PBXFileReference; fileEncoding = 4; lastKnownFileType = sourcecode.c.h; path = CYCustomBarButton.h; sourceTree = "<group>"; };
		4CFE2EEB2318B6B4005AD4C4 /* CYKitDefines.h */ = {isa = PBXFileReference; fileEncoding = 4; lastKnownFileType = sourcecode.c.h; path = CYKitDefines.h; sourceTree = "<group>"; };
		4CFE2EEC2318B6B4005AD4C4 /* CYCustomTabBar.h */ = {isa = PBXFileReference; fileEncoding = 4; lastKnownFileType = sourcecode.c.h; path = CYCustomTabBar.h; sourceTree = "<group>"; };
		4CFE2EED2318B6B4005AD4C4 /* CYCustomTabBarController.h */ = {isa = PBXFileReference; fileEncoding = 4; lastKnownFileType = sourcecode.c.h; path = CYCustomTabBarController.h; sourceTree = "<group>"; };
		4CFE2EEF2318B6B4005AD4C4 /* CYCustomBarButton.m */ = {isa = PBXFileReference; fileEncoding = 4; lastKnownFileType = sourcecode.c.objc; path = CYCustomBarButton.m; sourceTree = "<group>"; };
		4CFE2EF02318B6B4005AD4C4 /* CYCustomTabBar.m */ = {isa = PBXFileReference; fileEncoding = 4; lastKnownFileType = sourcecode.c.objc; path = CYCustomTabBar.m; sourceTree = "<group>"; };
		4CFE2EF12318B6B4005AD4C4 /* CYKit.h */ = {isa = PBXFileReference; fileEncoding = 4; lastKnownFileType = sourcecode.c.h; path = CYKit.h; sourceTree = "<group>"; };
		4CFE2EF32318B6B4005AD4C4 /* CYModel.m */ = {isa = PBXFileReference; fileEncoding = 4; lastKnownFileType = sourcecode.c.objc; path = CYModel.m; sourceTree = "<group>"; };
		4CFE2EF42318B6B4005AD4C4 /* CYModel.h */ = {isa = PBXFileReference; fileEncoding = 4; lastKnownFileType = sourcecode.c.h; path = CYModel.h; sourceTree = "<group>"; };
		4CFE2EF62318B6B4005AD4C4 /* NSString+CYAddition.m */ = {isa = PBXFileReference; fileEncoding = 4; lastKnownFileType = sourcecode.c.objc; path = "NSString+CYAddition.m"; sourceTree = "<group>"; };
		4CFE2EF72318B6B4005AD4C4 /* NSData+CYAddition.m */ = {isa = PBXFileReference; fileEncoding = 4; lastKnownFileType = sourcecode.c.objc; path = "NSData+CYAddition.m"; sourceTree = "<group>"; };
		4CFE2EF82318B6B4005AD4C4 /* UIColor+CYAddition.h */ = {isa = PBXFileReference; fileEncoding = 4; lastKnownFileType = sourcecode.c.h; path = "UIColor+CYAddition.h"; sourceTree = "<group>"; };
		4CFE2EF92318B6B4005AD4C4 /* UIImage+CYAddtion.m */ = {isa = PBXFileReference; fileEncoding = 4; lastKnownFileType = sourcecode.c.objc; path = "UIImage+CYAddtion.m"; sourceTree = "<group>"; };
		4CFE2EFA2318B6B4005AD4C4 /* UIDevice+CYAddition.h */ = {isa = PBXFileReference; fileEncoding = 4; lastKnownFileType = sourcecode.c.h; path = "UIDevice+CYAddition.h"; sourceTree = "<group>"; };
		4CFE2EFB2318B6B4005AD4C4 /* NSDate+CYExtend.m */ = {isa = PBXFileReference; fileEncoding = 4; lastKnownFileType = sourcecode.c.objc; path = "NSDate+CYExtend.m"; sourceTree = "<group>"; };
		4CFE2EFC2318B6B4005AD4C4 /* NSString+CYAddition.h */ = {isa = PBXFileReference; fileEncoding = 4; lastKnownFileType = sourcecode.c.h; path = "NSString+CYAddition.h"; sourceTree = "<group>"; };
		4CFE2EFD2318B6B4005AD4C4 /* NSData+CYAddition.h */ = {isa = PBXFileReference; fileEncoding = 4; lastKnownFileType = sourcecode.c.h; path = "NSData+CYAddition.h"; sourceTree = "<group>"; };
		4CFE2EFE2318B6B4005AD4C4 /* UIImage+CYAddtion.h */ = {isa = PBXFileReference; fileEncoding = 4; lastKnownFileType = sourcecode.c.h; path = "UIImage+CYAddtion.h"; sourceTree = "<group>"; };
		4CFE2EFF2318B6B4005AD4C4 /* UIColor+CYAddition.m */ = {isa = PBXFileReference; fileEncoding = 4; lastKnownFileType = sourcecode.c.objc; path = "UIColor+CYAddition.m"; sourceTree = "<group>"; };
		4CFE2F002318B6B4005AD4C4 /* NSDate+CYExtend.h */ = {isa = PBXFileReference; fileEncoding = 4; lastKnownFileType = sourcecode.c.h; path = "NSDate+CYExtend.h"; sourceTree = "<group>"; };
		4CFE2F012318B6B4005AD4C4 /* UIDevice+CYAddition.m */ = {isa = PBXFileReference; fileEncoding = 4; lastKnownFileType = sourcecode.c.objc; path = "UIDevice+CYAddition.m"; sourceTree = "<group>"; };
/* End PBXFileReference section */

/* Begin PBXFrameworksBuildPhase section */
		4C8AC41F1DB0F0D300BE5647 /* Frameworks */ = {
			isa = PBXFrameworksBuildPhase;
			buildActionMask = 2147483647;
			files = (
				4C633FCC1F78A38A00D235D2 /* libz.tbd in Frameworks */,
				4C8AC4371DB0F14C00BE5647 /* UIKit.framework in Frameworks */,
				4C8AC4351DB0F14100BE5647 /* Foundation.framework in Frameworks */,
			);
			runOnlyForDeploymentPostprocessing = 0;
		};
		4CBA90F61E59B91500AEBC30 /* Frameworks */ = {
			isa = PBXFrameworksBuildPhase;
			buildActionMask = 2147483647;
			files = (
			);
			runOnlyForDeploymentPostprocessing = 0;
		};
/* End PBXFrameworksBuildPhase section */

/* Begin PBXGroup section */
		4C8AC4191DB0F0D300BE5647 = {
			isa = PBXGroup;
			children = (
				4C8AC4251DB0F0D300BE5647 /* CYKit */,
				4C8AC4331DB0F14100BE5647 /* Frameworks */,
				4C9520A122D081D0000C5CB2 /* CYKit.framework */,
				4CFE2EE02318B664005AD4C4 /* CYKitDemo.app */,
			);
			sourceTree = "<group>";
		};
		4C8AC4251DB0F0D300BE5647 /* CYKit */ = {
			isa = PBXGroup;
			children = (
				4CFE2EF52318B6B4005AD4C4 /* Categorys */,
				4CFE2EF22318B6B4005AD4C4 /* Class */,
				4CFE2EF12318B6B4005AD4C4 /* CYKit.h */,
				4CFE2EE12318B6B3005AD4C4 /* Resources */,
				4CFE2EE72318B6B4005AD4C4 /* UIKit */,
				4C8AC4271DB0F0D300BE5647 /* Info.plist */,
			);
			path = CYKit;
			sourceTree = "<group>";
		};
		4C8AC4331DB0F14100BE5647 /* Frameworks */ = {
			isa = PBXGroup;
			children = (
				4C633FCB1F78A38A00D235D2 /* libz.tbd */,
				4C8AC4361DB0F14C00BE5647 /* UIKit.framework */,
				4C8AC4341DB0F14100BE5647 /* Foundation.framework */,
			);
			name = Frameworks;
			sourceTree = "<group>";
		};
		4CFE2EE12318B6B3005AD4C4 /* Resources */ = {
			isa = PBXGroup;
			children = (
				4CFE2EE22318B6B3005AD4C4 /* back@2x.png */,
				4CFE2EE32318B6B3005AD4C4 /* back@3x.png */,
				4CFE2EE42318B6B3005AD4C4 /* image_navigation_close@2x.png */,
				4CFE2EE62318B6B3005AD4C4 /* image_navigation_close@3x.png */,
				4C3AE18A2521D6D2004545D4 /* CYKit.bundle */,
				4C3AE1872521D6D2004545D4 /* sy_login_avator@2x.png */,
				4C3AE1822521D6D1004545D4 /* sy_login_avator@3x.png */,
				4C3AE1862521D6D2004545D4 /* sy_login_header@2x.png */,
				4C3AE1832521D6D2004545D4 /* sy_login_header@3x.png */,
				4C3AE1852521D6D2004545D4 /* sy_login_logo@2x.png */,
				4C3AE1842521D6D2004545D4 /* sy_login_logo@3x.png */,
				4C3AE1892521D6D2004545D4 /* sy_login_password@2x.png */,
				4C3AE1882521D6D2004545D4 /* sy_login_password@3x.png */,
				4C3AE18E2521D6D2004545D4 /* sy_login_phone@2x.png */,
				4C3AE1802521D6D1004545D4 /* sy_login_phone@3x.png */,
				4C3AE18D2521D6D2004545D4 /* sy_login_scan@2x.png */,
				4C3AE1812521D6D1004545D4 /* sy_login_scan@3x.png */,
				4C3AE18B2521D6D2004545D4 /* sy_mine_camera@2x.png */,
				4C3AE18C2521D6D2004545D4 /* sy_mine_camera@3x.png */,
			);
			path = Resources;
			sourceTree = "<group>";
		};
		4CFE2EE72318B6B4005AD4C4 /* UIKit */ = {
			isa = PBXGroup;
			children = (
				4C3AE14D2521D684004545D4 /* CYBaseViewController.h */,
				4C3AE1612521D685004545D4 /* CYBaseViewController.m */,
				4C3AE15B2521D685004545D4 /* CYChangePasswordViewController.h */,
				4C3AE1502521D685004545D4 /* CYChangePasswordViewController.m */,
				4C3AE1532521D685004545D4 /* CYChangePasswordViewController.xib */,
				4CFE2EEA2318B6B4005AD4C4 /* CYCustomBarButton.h */,
				4CFE2EEF2318B6B4005AD4C4 /* CYCustomBarButton.m */,
				4CFE2EEC2318B6B4005AD4C4 /* CYCustomTabBar.h */,
				4CFE2EF02318B6B4005AD4C4 /* CYCustomTabBar.m */,
				4CFE2EED2318B6B4005AD4C4 /* CYCustomTabBarController.h */,
				4CFE2EE82318B6B4005AD4C4 /* CYCustomTabBarController.m */,
				4C3AE1602521D685004545D4 /* CYForgotPasswordViewController.h */,
				4C3AE14B2521D684004545D4 /* CYForgotPasswordViewController.m */,
				4C3AE15E2521D685004545D4 /* CYForgotPasswordViewController.xib */,
				4C3AE15A2521D685004545D4 /* CYH5ViewController.h */,
				4C3AE1482521D684004545D4 /* CYH5ViewController.m */,
				4CFE2EEB2318B6B4005AD4C4 /* CYKitDefines.h */,
				4C3AE14E2521D685004545D4 /* CYPageManager.h */,
				4C3AE1492521D684004545D4 /* CYPageManager.m */,
				4C3AE1592521D685004545D4 /* CYPageMenu.h */,
				4C3AE1462521D684004545D4 /* CYPageMenu.m */,
				4C3AE1562521D685004545D4 /* CYPageMenuButton.h */,
				4C3AE1552521D685004545D4 /* CYPageMenuButton.m */,
				4C3AE15F2521D685004545D4 /* CYPageMenuItem.h */,
				4C3AE15D2521D685004545D4 /* CYPageMenuItem.m */,
				4C3AE14C2521D684004545D4 /* CYPageScrollView.h */,
				4C3AE1582521D685004545D4 /* CYPageScrollView.m */,
				4C3AE1572521D685004545D4 /* CYRefreshFooter.h */,
				4C3AE1522521D685004545D4 /* CYRefreshFooter.m */,
				4C3AE1512521D685004545D4 /* CYRefreshHeader.h */,
				4C3AE15C2521D685004545D4 /* CYRefreshHeader.m */,
				4C3AE14A2521D684004545D4 /* CYWeixinLoginViewController.h */,
				4C3AE1472521D684004545D4 /* CYWeixinLoginViewController.m */,
			);
			path = UIKit;
			sourceTree = "<group>";
		};
		4CFE2EF22318B6B4005AD4C4 /* Class */ = {
			isa = PBXGroup;
			children = (
				4CFE2EF32318B6B4005AD4C4 /* CYModel.m */,
				4CFE2EF42318B6B4005AD4C4 /* CYModel.h */,
			);
			path = Class;
			sourceTree = "<group>";
		};
		4CFE2EF52318B6B4005AD4C4 /* Categorys */ = {
			isa = PBXGroup;
			children = (
				4CFE2EFD2318B6B4005AD4C4 /* NSData+CYAddition.h */,
				4CFE2EF72318B6B4005AD4C4 /* NSData+CYAddition.m */,
				4CFE2F002318B6B4005AD4C4 /* NSDate+CYExtend.h */,
				4CFE2EFB2318B6B4005AD4C4 /* NSDate+CYExtend.m */,
				4CFE2EFC2318B6B4005AD4C4 /* NSString+CYAddition.h */,
				4CFE2EF62318B6B4005AD4C4 /* NSString+CYAddition.m */,
				4CFE2EF82318B6B4005AD4C4 /* UIColor+CYAddition.h */,
				4CFE2EFF2318B6B4005AD4C4 /* UIColor+CYAddition.m */,
				4CFE2EFA2318B6B4005AD4C4 /* UIDevice+CYAddition.h */,
				4CFE2F012318B6B4005AD4C4 /* UIDevice+CYAddition.m */,
				4CFE2EFE2318B6B4005AD4C4 /* UIImage+CYAddtion.h */,
				4CFE2EF92318B6B4005AD4C4 /* UIImage+CYAddtion.m */,
			);
			path = Categorys;
			sourceTree = "<group>";
		};
/* End PBXGroup section */

/* Begin PBXHeadersBuildPhase section */
		4C8AC4201DB0F0D300BE5647 /* Headers */ = {
			isa = PBXHeadersBuildPhase;
			buildActionMask = 2147483647;
			files = (
				4CFE2F1B2318B6B4005AD4C4 /* UIImage+CYAddtion.h in Headers */,
				4CFE2F1A2318B6B4005AD4C4 /* NSData+CYAddition.h in Headers */,
				4C3AE1692521D685004545D4 /* CYBaseViewController.h in Headers */,
				4CFE2F1D2318B6B4005AD4C4 /* NSDate+CYExtend.h in Headers */,
				4CFE2F192318B6B4005AD4C4 /* NSString+CYAddition.h in Headers */,
				4C3AE1662521D685004545D4 /* CYWeixinLoginViewController.h in Headers */,
				4CFE2F0B2318B6B4005AD4C4 /* CYCustomTabBar.h in Headers */,
				4CFE2F152318B6B4005AD4C4 /* UIColor+CYAddition.h in Headers */,
				4C3AE1752521D685004545D4 /* CYPageMenu.h in Headers */,
				4CFE2F0C2318B6B4005AD4C4 /* CYCustomTabBarController.h in Headers */,
				4C3AE1772521D685004545D4 /* CYChangePasswordViewController.h in Headers */,
				4CFE2F102318B6B4005AD4C4 /* CYKit.h in Headers */,
				4C3AE17C2521D685004545D4 /* CYForgotPasswordViewController.h in Headers */,
				4CFE2F122318B6B4005AD4C4 /* CYModel.h in Headers */,
				4C3AE1682521D685004545D4 /* CYPageScrollView.h in Headers */,
				4CFE2F0A2318B6B4005AD4C4 /* CYKitDefines.h in Headers */,
				4C3AE17B2521D685004545D4 /* CYPageMenuItem.h in Headers */,
				4C3AE1732521D685004545D4 /* CYRefreshFooter.h in Headers */,
				4CFE2F172318B6B4005AD4C4 /* UIDevice+CYAddition.h in Headers */,
				4C3AE16A2521D685004545D4 /* CYPageManager.h in Headers */,
				4C3AE1762521D685004545D4 /* CYH5ViewController.h in Headers */,
				4C3AE16D2521D685004545D4 /* CYRefreshHeader.h in Headers */,
				4C3AE1722521D685004545D4 /* CYPageMenuButton.h in Headers */,
				4CFE2F092318B6B4005AD4C4 /* CYCustomBarButton.h in Headers */,
			);
			runOnlyForDeploymentPostprocessing = 0;
		};
/* End PBXHeadersBuildPhase section */

/* Begin PBXNativeTarget section */
		4C8AC4221DB0F0D300BE5647 /* CYKit */ = {
			isa = PBXNativeTarget;
			buildConfigurationList = 4C8AC42B1DB0F0D300BE5647 /* Build configuration list for PBXNativeTarget "CYKit" */;
			buildPhases = (
				4C8AC41E1DB0F0D300BE5647 /* Sources */,
				4C8AC41F1DB0F0D300BE5647 /* Frameworks */,
				4C8AC4201DB0F0D300BE5647 /* Headers */,
				4C8AC4211DB0F0D300BE5647 /* Resources */,
			);
			buildRules = (
			);
			dependencies = (
			);
			name = CYKit;
			productName = CYKit;
			productReference = 4C9520A122D081D0000C5CB2 /* CYKit.framework */;
			productType = "com.apple.product-type.framework";
		};
		4CBA90F81E59B91500AEBC30 /* CYKitDemo */ = {
			isa = PBXNativeTarget;
			buildConfigurationList = 4CBA910F1E59B91500AEBC30 /* Build configuration list for PBXNativeTarget "CYKitDemo" */;
			buildPhases = (
				4CBA90F51E59B91500AEBC30 /* Sources */,
				4CBA90F61E59B91500AEBC30 /* Frameworks */,
				4CBA90F71E59B91500AEBC30 /* Resources */,
			);
			buildRules = (
			);
			dependencies = (
			);
			name = CYKitDemo;
			productName = CYKitDemo;
			productReference = 4CFE2EE02318B664005AD4C4 /* CYKitDemo.app */;
			productType = "com.apple.product-type.application";
		};
/* End PBXNativeTarget section */

/* Begin PBXProject section */
		4C8AC41A1DB0F0D300BE5647 /* Project object */ = {
			isa = PBXProject;
			attributes = {
				LastUpgradeCheck = 0820;
				ORGANIZATIONNAME = chengyan;
				TargetAttributes = {
					4C8AC4221DB0F0D300BE5647 = {
						CreatedOnToolsVersion = 8.0;
						ProvisioningStyle = Automatic;
					};
					4CBA90F81E59B91500AEBC30 = {
						CreatedOnToolsVersion = 8.2.1;
						ProvisioningStyle = Automatic;
					};
				};
			};
			buildConfigurationList = 4C8AC41D1DB0F0D300BE5647 /* Build configuration list for PBXProject "CYKit" */;
			compatibilityVersion = "Xcode 3.2";
			developmentRegion = English;
			hasScannedForEncodings = 0;
			knownRegions = (
				English,
				en,
				Base,
			);
			mainGroup = 4C8AC4191DB0F0D300BE5647;
			productRefGroup = 4C8AC4191DB0F0D300BE5647;
			projectDirPath = "";
			projectRoot = "";
			targets = (
				4C8AC4221DB0F0D300BE5647 /* CYKit */,
				4CBA90F81E59B91500AEBC30 /* CYKitDemo */,
			);
		};
/* End PBXProject section */

/* Begin PBXResourcesBuildPhase section */
		4C8AC4211DB0F0D300BE5647 /* Resources */ = {
			isa = PBXResourcesBuildPhase;
			buildActionMask = 2147483647;
			files = (
				4C3AE1922521D6D2004545D4 /* sy_login_header@3x.png in Resources */,
				4CFE2F042318B6B4005AD4C4 /* image_navigation_close@2x.png in Resources */,
				4C3AE16F2521D685004545D4 /* CYChangePasswordViewController.xib in Resources */,
				4C3AE1902521D6D2004545D4 /* sy_login_scan@3x.png in Resources */,
				4C3AE17A2521D685004545D4 /* CYForgotPasswordViewController.xib in Resources */,
				4C3AE1962521D6D2004545D4 /* sy_login_avator@2x.png in Resources */,
				4C3AE1942521D6D2004545D4 /* sy_login_logo@2x.png in Resources */,
				4C3AE1972521D6D2004545D4 /* sy_login_password@3x.png in Resources */,
				4C3AE1932521D6D2004545D4 /* sy_login_logo@3x.png in Resources */,
				4CFE2F032318B6B4005AD4C4 /* back@3x.png in Resources */,
				4CFE2F022318B6B4005AD4C4 /* back@2x.png in Resources */,
				4C3AE1982521D6D2004545D4 /* sy_login_password@2x.png in Resources */,
				4C3AE1912521D6D2004545D4 /* sy_login_avator@3x.png in Resources */,
				4C3AE19B2521D6D2004545D4 /* sy_mine_camera@3x.png in Resources */,
				4C3AE18F2521D6D2004545D4 /* sy_login_phone@3x.png in Resources */,
				4CFE2F062318B6B4005AD4C4 /* image_navigation_close@3x.png in Resources */,
				4C3AE1992521D6D2004545D4 /* CYKit.bundle in Resources */,
				4C3AE19C2521D6D2004545D4 /* sy_login_scan@2x.png in Resources */,
				4C3AE19D2521D6D2004545D4 /* sy_login_phone@2x.png in Resources */,
				4C3AE19A2521D6D2004545D4 /* sy_mine_camera@2x.png in Resources */,
				4C3AE1952521D6D2004545D4 /* sy_login_header@2x.png in Resources */,
			);
			runOnlyForDeploymentPostprocessing = 0;
		};
		4CBA90F71E59B91500AEBC30 /* Resources */ = {
			isa = PBXResourcesBuildPhase;
			buildActionMask = 2147483647;
			files = (
			);
			runOnlyForDeploymentPostprocessing = 0;
		};
/* End PBXResourcesBuildPhase section */

/* Begin PBXSourcesBuildPhase section */
		4C8AC41E1DB0F0D300BE5647 /* Sources */ = {
			isa = PBXSourcesBuildPhase;
			buildActionMask = 2147483647;
			files = (
				4CFE2F0E2318B6B4005AD4C4 /* CYCustomBarButton.m in Sources */,
				4CFE2F162318B6B4005AD4C4 /* UIImage+CYAddtion.m in Sources */,
				4CFE2F182318B6B4005AD4C4 /* NSDate+CYExtend.m in Sources */,
				4C3AE1712521D685004545D4 /* CYPageMenuButton.m in Sources */,
				4CFE2F142318B6B4005AD4C4 /* NSData+CYAddition.m in Sources */,
				4C3AE1672521D685004545D4 /* CYForgotPasswordViewController.m in Sources */,
				4CFE2F132318B6B4005AD4C4 /* NSString+CYAddition.m in Sources */,
				4C3AE17D2521D685004545D4 /* CYBaseViewController.m in Sources */,
				4C3AE1642521D685004545D4 /* CYH5ViewController.m in Sources */,
				4C3AE1632521D685004545D4 /* CYWeixinLoginViewController.m in Sources */,
				4C3AE1792521D685004545D4 /* CYPageMenuItem.m in Sources */,
				4C3AE1742521D685004545D4 /* CYPageScrollView.m in Sources */,
				4C3AE1622521D685004545D4 /* CYPageMenu.m in Sources */,
				4CFE2F072318B6B4005AD4C4 /* CYCustomTabBarController.m in Sources */,
				4CFE2F1E2318B6B4005AD4C4 /* UIDevice+CYAddition.m in Sources */,
				4C3AE1652521D685004545D4 /* CYPageManager.m in Sources */,
				4C3AE16E2521D685004545D4 /* CYRefreshFooter.m in Sources */,
				4CFE2F0F2318B6B4005AD4C4 /* CYCustomTabBar.m in Sources */,
				4CFE2F1C2318B6B4005AD4C4 /* UIColor+CYAddition.m in Sources */,
				4C3AE1782521D685004545D4 /* CYRefreshHeader.m in Sources */,
				4C3AE16C2521D685004545D4 /* CYChangePasswordViewController.m in Sources */,
				4CFE2F112318B6B4005AD4C4 /* CYModel.m in Sources */,
			);
			runOnlyForDeploymentPostprocessing = 0;
		};
		4CBA90F51E59B91500AEBC30 /* Sources */ = {
			isa = PBXSourcesBuildPhase;
			buildActionMask = 2147483647;
			files = (
			);
			runOnlyForDeploymentPostprocessing = 0;
		};
/* End PBXSourcesBuildPhase section */

/* Begin XCBuildConfiguration section */
		4C8AC4291DB0F0D300BE5647 /* Debug */ = {
			isa = XCBuildConfiguration;
			buildSettings = {
				ALWAYS_SEARCH_USER_PATHS = NO;
				CLANG_ANALYZER_NONNULL = YES;
				CLANG_CXX_LANGUAGE_STANDARD = "gnu++0x";
				CLANG_CXX_LIBRARY = "libc++";
				CLANG_ENABLE_MODULES = YES;
				CLANG_ENABLE_OBJC_ARC = YES;
				CLANG_WARN_BOOL_CONVERSION = YES;
				CLANG_WARN_CONSTANT_CONVERSION = YES;
				CLANG_WARN_DIRECT_OBJC_ISA_USAGE = YES_ERROR;
				CLANG_WARN_DOCUMENTATION_COMMENTS = YES;
				CLANG_WARN_EMPTY_BODY = YES;
				CLANG_WARN_ENUM_CONVERSION = YES;
				CLANG_WARN_INFINITE_RECURSION = YES;
				CLANG_WARN_INT_CONVERSION = YES;
				CLANG_WARN_OBJC_ROOT_CLASS = YES_ERROR;
				CLANG_WARN_SUSPICIOUS_MOVE = YES;
				CLANG_WARN_SUSPICIOUS_MOVES = YES;
				CLANG_WARN_UNREACHABLE_CODE = YES;
				CLANG_WARN__DUPLICATE_METHOD_MATCH = YES;
				"CODE_SIGN_IDENTITY[sdk=iphoneos*]" = "iPhone Developer";
				COPY_PHASE_STRIP = NO;
				CURRENT_PROJECT_VERSION = 1;
				DEBUG_INFORMATION_FORMAT = dwarf;
				ENABLE_STRICT_OBJC_MSGSEND = YES;
				ENABLE_TESTABILITY = YES;
				GCC_C_LANGUAGE_STANDARD = gnu99;
				GCC_DYNAMIC_NO_PIC = NO;
				GCC_NO_COMMON_BLOCKS = YES;
				GCC_OPTIMIZATION_LEVEL = 0;
				GCC_PREPROCESSOR_DEFINITIONS = (
					"DEBUG=1",
					"$(inherited)",
				);
				GCC_WARN_64_TO_32_BIT_CONVERSION = YES;
				GCC_WARN_ABOUT_RETURN_TYPE = YES_ERROR;
				GCC_WARN_UNDECLARED_SELECTOR = YES;
				GCC_WARN_UNINITIALIZED_AUTOS = YES_AGGRESSIVE;
				GCC_WARN_UNUSED_FUNCTION = YES;
				GCC_WARN_UNUSED_VARIABLE = YES;
				IPHONEOS_DEPLOYMENT_TARGET = 10.0;
				MTL_ENABLE_DEBUG_INFO = YES;
				ONLY_ACTIVE_ARCH = YES;
				SDKROOT = iphoneos;
				TARGETED_DEVICE_FAMILY = "1,2";
				VERSIONING_SYSTEM = "apple-generic";
				VERSION_INFO_PREFIX = "";
			};
			name = Debug;
		};
		4C8AC42A1DB0F0D300BE5647 /* Release */ = {
			isa = XCBuildConfiguration;
			buildSettings = {
				ALWAYS_SEARCH_USER_PATHS = NO;
				CLANG_ANALYZER_NONNULL = YES;
				CLANG_CXX_LANGUAGE_STANDARD = "gnu++0x";
				CLANG_CXX_LIBRARY = "libc++";
				CLANG_ENABLE_MODULES = YES;
				CLANG_ENABLE_OBJC_ARC = YES;
				CLANG_WARN_BOOL_CONVERSION = YES;
				CLANG_WARN_CONSTANT_CONVERSION = YES;
				CLANG_WARN_DIRECT_OBJC_ISA_USAGE = YES_ERROR;
				CLANG_WARN_DOCUMENTATION_COMMENTS = YES;
				CLANG_WARN_EMPTY_BODY = YES;
				CLANG_WARN_ENUM_CONVERSION = YES;
				CLANG_WARN_INFINITE_RECURSION = YES;
				CLANG_WARN_INT_CONVERSION = YES;
				CLANG_WARN_OBJC_ROOT_CLASS = YES_ERROR;
				CLANG_WARN_SUSPICIOUS_MOVE = YES;
				CLANG_WARN_SUSPICIOUS_MOVES = YES;
				CLANG_WARN_UNREACHABLE_CODE = YES;
				CLANG_WARN__DUPLICATE_METHOD_MATCH = YES;
				"CODE_SIGN_IDENTITY[sdk=iphoneos*]" = "iPhone Developer";
				COPY_PHASE_STRIP = NO;
				CURRENT_PROJECT_VERSION = 1;
				DEBUG_INFORMATION_FORMAT = "dwarf-with-dsym";
				ENABLE_NS_ASSERTIONS = NO;
				ENABLE_STRICT_OBJC_MSGSEND = YES;
				GCC_C_LANGUAGE_STANDARD = gnu99;
				GCC_NO_COMMON_BLOCKS = YES;
				GCC_WARN_64_TO_32_BIT_CONVERSION = YES;
				GCC_WARN_ABOUT_RETURN_TYPE = YES_ERROR;
				GCC_WARN_UNDECLARED_SELECTOR = YES;
				GCC_WARN_UNINITIALIZED_AUTOS = YES_AGGRESSIVE;
				GCC_WARN_UNUSED_FUNCTION = YES;
				GCC_WARN_UNUSED_VARIABLE = YES;
				IPHONEOS_DEPLOYMENT_TARGET = 10.0;
				MTL_ENABLE_DEBUG_INFO = NO;
				SDKROOT = iphoneos;
				TARGETED_DEVICE_FAMILY = "1,2";
				VALIDATE_PRODUCT = YES;
				VERSIONING_SYSTEM = "apple-generic";
				VERSION_INFO_PREFIX = "";
			};
			name = Release;
		};
		4C8AC42C1DB0F0D300BE5647 /* Debug */ = {
			isa = XCBuildConfiguration;
			buildSettings = {
				CODE_SIGN_IDENTITY = "";
				DEFINES_MODULE = YES;
				DYLIB_COMPATIBILITY_VERSION = 1;
				DYLIB_CURRENT_VERSION = 1;
				DYLIB_INSTALL_NAME_BASE = "@rpath";
				INFOPLIST_FILE = CYKit/Info.plist;
				INSTALL_PATH = "$(LOCAL_LIBRARY_DIR)/Frameworks";
				LD_RUNPATH_SEARCH_PATHS = "$(inherited) @executable_path/Frameworks @loader_path/Frameworks";
				MACH_O_TYPE = staticlib;
				PRODUCT_BUNDLE_IDENTIFIER = chengyan.CYKit;
				PRODUCT_NAME = "$(TARGET_NAME)";
				SKIP_INSTALL = YES;
			};
			name = Debug;
		};
		4C8AC42D1DB0F0D300BE5647 /* Release */ = {
			isa = XCBuildConfiguration;
			buildSettings = {
				CODE_SIGN_IDENTITY = "";
				DEFINES_MODULE = YES;
				DYLIB_COMPATIBILITY_VERSION = 1;
				DYLIB_CURRENT_VERSION = 1;
				DYLIB_INSTALL_NAME_BASE = "@rpath";
				INFOPLIST_FILE = CYKit/Info.plist;
				INSTALL_PATH = "$(LOCAL_LIBRARY_DIR)/Frameworks";
				LD_RUNPATH_SEARCH_PATHS = "$(inherited) @executable_path/Frameworks @loader_path/Frameworks";
				MACH_O_TYPE = staticlib;
				PRODUCT_BUNDLE_IDENTIFIER = chengyan.CYKit;
				PRODUCT_NAME = "$(TARGET_NAME)";
				SKIP_INSTALL = YES;
			};
			name = Release;
		};
		4CBA910D1E59B91500AEBC30 /* Debug */ = {
			isa = XCBuildConfiguration;
			buildSettings = {
				ASSETCATALOG_COMPILER_APPICON_NAME = AppIcon;
				INFOPLIST_FILE = CYKitDemo/Info.plist;
				IPHONEOS_DEPLOYMENT_TARGET = 8.0;
				LD_RUNPATH_SEARCH_PATHS = "$(inherited) @executable_path/Frameworks";
				PRODUCT_BUNDLE_IDENTIFIER = chenyan.CYKitDemo;
				PRODUCT_NAME = "$(TARGET_NAME)";
			};
			name = Debug;
		};
		4CBA910E1E59B91500AEBC30 /* Release */ = {
			isa = XCBuildConfiguration;
			buildSettings = {
				ASSETCATALOG_COMPILER_APPICON_NAME = AppIcon;
				INFOPLIST_FILE = CYKitDemo/Info.plist;
				IPHONEOS_DEPLOYMENT_TARGET = 8.0;
				LD_RUNPATH_SEARCH_PATHS = "$(inherited) @executable_path/Frameworks";
				PRODUCT_BUNDLE_IDENTIFIER = chenyan.CYKitDemo;
				PRODUCT_NAME = "$(TARGET_NAME)";
			};
			name = Release;
		};
/* End XCBuildConfiguration section */

/* Begin XCConfigurationList section */
		4C8AC41D1DB0F0D300BE5647 /* Build configuration list for PBXProject "CYKit" */ = {
			isa = XCConfigurationList;
			buildConfigurations = (
				4C8AC4291DB0F0D300BE5647 /* Debug */,
				4C8AC42A1DB0F0D300BE5647 /* Release */,
			);
			defaultConfigurationIsVisible = 0;
			defaultConfigurationName = Release;
		};
		4C8AC42B1DB0F0D300BE5647 /* Build configuration list for PBXNativeTarget "CYKit" */ = {
			isa = XCConfigurationList;
			buildConfigurations = (
				4C8AC42C1DB0F0D300BE5647 /* Debug */,
				4C8AC42D1DB0F0D300BE5647 /* Release */,
			);
			defaultConfigurationIsVisible = 0;
			defaultConfigurationName = Release;
		};
		4CBA910F1E59B91500AEBC30 /* Build configuration list for PBXNativeTarget "CYKitDemo" */ = {
			isa = XCConfigurationList;
			buildConfigurations = (
				4CBA910D1E59B91500AEBC30 /* Debug */,
				4CBA910E1E59B91500AEBC30 /* Release */,
			);
			defaultConfigurationIsVisible = 0;
			defaultConfigurationName = Release;
		};
/* End XCConfigurationList section */
	};
	rootObject = 4C8AC41A1DB0F0D300BE5647 /* Project object */;
}
